// !$*UTF8*$!
{
	archiveVersion = 1;
	classes = {
	};
	objectVersion = 55;
	objects = {

/* Begin PBXBuildFile section */
		53F371BC5D85914A63BDAB92 /* Pods_App_Unsplash.framework in Frameworks */ = {isa = PBXBuildFile; fileRef = E32AF82F98E40688FB7A9EB4 /* Pods_App_Unsplash.framework */; };
		56DCE979D8FDB628F5414EB3 /* Pods_App_UnsplashTests.framework in Frameworks */ = {isa = PBXBuildFile; fileRef = 196904D76A0C24939932B114 /* Pods_App_UnsplashTests.framework */; };
		C80D5F87286DBC920022C021 /* SearchPhotosViewImpl.swift in Sources */ = {isa = PBXBuildFile; fileRef = C80D5F86286DBC920022C021 /* SearchPhotosViewImpl.swift */; };
		C80D5F8A286DBD6A0022C021 /* SearchPhotosModels.swift in Sources */ = {isa = PBXBuildFile; fileRef = C80D5F89286DBD6A0022C021 /* SearchPhotosModels.swift */; };
		C80D5F8D286DD1070022C021 /* SearchPhotosInteractorTests.swift in Sources */ = {isa = PBXBuildFile; fileRef = C80D5F8C286DD1070022C021 /* SearchPhotosInteractorTests.swift */; };
		C80D5F8F286DD1AA0022C021 /* SearchPhotosInteractorImpl.swift in Sources */ = {isa = PBXBuildFile; fileRef = C80D5F8E286DD1AA0022C021 /* SearchPhotosInteractorImpl.swift */; };
		C8113CCF28733F1E00C9236B /* SearchPhotosRouterTests.swift in Sources */ = {isa = PBXBuildFile; fileRef = C8113CCE28733F1E00C9236B /* SearchPhotosRouterTests.swift */; };
		C8113CD22873594A00C9236B /* SearchPhotosRouterImpl.swift in Sources */ = {isa = PBXBuildFile; fileRef = C8113CD12873594A00C9236B /* SearchPhotosRouterImpl.swift */; };
		C8343A48287F45A000C3BA90 /* SearchPhotosWorkerImpl.swift in Sources */ = {isa = PBXBuildFile; fileRef = C8343A47287F45A000C3BA90 /* SearchPhotosWorkerImpl.swift */; };
		C88908902886A36000D091D9 /* SearchPhotosCell.swift in Sources */ = {isa = PBXBuildFile; fileRef = C889088E2886A36000D091D9 /* SearchPhotosCell.swift */; };
		C88908912886A36000D091D9 /* SearchPhotosCell.xib in Resources */ = {isa = PBXBuildFile; fileRef = C889088F2886A36000D091D9 /* SearchPhotosCell.xib */; };
		C8E0B1702881766C00F95CC5 /* SearchPhotosWorkerTests.swift in Sources */ = {isa = PBXBuildFile; fileRef = C8E0B16F2881766C00F95CC5 /* SearchPhotosWorkerTests.swift */; };
		C8E0B17228817E0600F95CC5 /* SearchPhotosServiceAPIImpl.swift in Sources */ = {isa = PBXBuildFile; fileRef = C8E0B17128817E0600F95CC5 /* SearchPhotosServiceAPIImpl.swift */; };
		C8E0B1742881880700F95CC5 /* SearchPhotosServiceAPITests.swift in Sources */ = {isa = PBXBuildFile; fileRef = C8E0B1732881880700F95CC5 /* SearchPhotosServiceAPITests.swift */; };
		C8E0B1762881DDA700F95CC5 /* SearchPhotosViewTests.swift in Sources */ = {isa = PBXBuildFile; fileRef = C8E0B1752881DDA700F95CC5 /* SearchPhotosViewTests.swift */; };
		C8E9AF9F287F317D00A4C56E /* Extension+Storyboard.swift in Sources */ = {isa = PBXBuildFile; fileRef = C8E9AF9E287F317C00A4C56E /* Extension+Storyboard.swift */; };
		C8EC0105286A026F001A56E8 /* SearchPhotosParserTests.swift in Sources */ = {isa = PBXBuildFile; fileRef = C8EC0104286A026F001A56E8 /* SearchPhotosParserTests.swift */; };
		C8EC010D286A0945001A56E8 /* SimpleData.json in Resources */ = {isa = PBXBuildFile; fileRef = C8EC0109286A06C7001A56E8 /* SimpleData.json */; };
		C8EC0110286B2500001A56E8 /* StubAPI.json in Resources */ = {isa = PBXBuildFile; fileRef = C8EC010F286B2500001A56E8 /* StubAPI.json */; };
		C8EC0111286B25CE001A56E8 /* StubAPI.json in Resources */ = {isa = PBXBuildFile; fileRef = C8EC010F286B2500001A56E8 /* StubAPI.json */; };
		C8EC0117286B7391001A56E8 /* SearchPhotosPresenterTests.swift in Sources */ = {isa = PBXBuildFile; fileRef = C8EC0116286B7391001A56E8 /* SearchPhotosPresenterTests.swift */; };
		C8EC0119286B73F7001A56E8 /* SearchPhotosPresenterImpl.swift in Sources */ = {isa = PBXBuildFile; fileRef = C8EC0118286B73F7001A56E8 /* SearchPhotosPresenterImpl.swift */; };
		C8F722FA286606B60034A36C /* AppDelegate.swift in Sources */ = {isa = PBXBuildFile; fileRef = C8F722F9286606B60034A36C /* AppDelegate.swift */; };
		C8F722FC286606B60034A36C /* SceneDelegate.swift in Sources */ = {isa = PBXBuildFile; fileRef = C8F722FB286606B60034A36C /* SceneDelegate.swift */; };
		C8F722FE286606B60034A36C /* ViewController.swift in Sources */ = {isa = PBXBuildFile; fileRef = C8F722FD286606B60034A36C /* ViewController.swift */; };
		C8F72301286606B60034A36C /* Main.storyboard in Resources */ = {isa = PBXBuildFile; fileRef = C8F722FF286606B60034A36C /* Main.storyboard */; };
		C8F72303286606C40034A36C /* Assets.xcassets in Resources */ = {isa = PBXBuildFile; fileRef = C8F72302286606C40034A36C /* Assets.xcassets */; };
		C8F72306286606C40034A36C /* LaunchScreen.storyboard in Resources */ = {isa = PBXBuildFile; fileRef = C8F72304286606C40034A36C /* LaunchScreen.storyboard */; };
		C8F7233428660FD50034A36C /* CustomDump in Frameworks */ = {isa = PBXBuildFile; productRef = C8F7233328660FD50034A36C /* CustomDump */; };
		C8F72337286610870034A36C /* CustomDump in Frameworks */ = {isa = PBXBuildFile; productRef = C8F72336286610870034A36C /* CustomDump */; };
		C8F72339286612160034A36C /* Extension+XCTestCase.swift in Sources */ = {isa = PBXBuildFile; fileRef = C8F72338286612160034A36C /* Extension+XCTestCase.swift */; };
		C9210392ECCE02E7DDBB61F5 /* Pods_App_UnsplashTests.framework in Frameworks */ = {isa = PBXBuildFile; fileRef = EE0D2E75F6665221064CF46B /* Pods_App_UnsplashTests.framework */; };
		DF7B93559EBC0D19BE646259 /* Pods_App_Unsplash.framework in Frameworks */ = {isa = PBXBuildFile; fileRef = 6A63B09BBECDE5F81CA6A377 /* Pods_App_Unsplash.framework */; };
/* End PBXBuildFile section */

/* Begin PBXContainerItemProxy section */
		C8F7230D286606CB0034A36C /* PBXContainerItemProxy */ = {
			isa = PBXContainerItemProxy;
			containerPortal = C8F722EE286606B60034A36C /* Project object */;
			proxyType = 1;
			remoteGlobalIDString = C8F722F5286606B60034A36C;
			remoteInfo = "App-Unsplash";
		};
/* End PBXContainerItemProxy section */

/* Begin PBXFileReference section */
		0F57AB42B8786D2869B7DE1F /* Pods-App-UnsplashTests.release.xcconfig */ = {isa = PBXFileReference; includeInIndex = 1; lastKnownFileType = text.xcconfig; name = "Pods-App-UnsplashTests.release.xcconfig"; path = "Target Support Files/Pods-App-UnsplashTests/Pods-App-UnsplashTests.release.xcconfig"; sourceTree = "<group>"; };
		196904D76A0C24939932B114 /* Pods_App_UnsplashTests.framework */ = {isa = PBXFileReference; explicitFileType = wrapper.framework; includeInIndex = 0; path = Pods_App_UnsplashTests.framework; sourceTree = BUILT_PRODUCTS_DIR; };
		2FB578A830815F3A5E5993E1 /* Pods-App-Unsplash.debug.xcconfig */ = {isa = PBXFileReference; includeInIndex = 1; lastKnownFileType = text.xcconfig; name = "Pods-App-Unsplash.debug.xcconfig"; path = "Target Support Files/Pods-App-Unsplash/Pods-App-Unsplash.debug.xcconfig"; sourceTree = "<group>"; };
		629F76A2DC578245FD58FC3D /* Pods-App-Unsplash.debug.xcconfig */ = {isa = PBXFileReference; includeInIndex = 1; lastKnownFileType = text.xcconfig; name = "Pods-App-Unsplash.debug.xcconfig"; path = "Target Support Files/Pods-App-Unsplash/Pods-App-Unsplash.debug.xcconfig"; sourceTree = "<group>"; };
		6A63B09BBECDE5F81CA6A377 /* Pods_App_Unsplash.framework */ = {isa = PBXFileReference; explicitFileType = wrapper.framework; includeInIndex = 0; path = Pods_App_Unsplash.framework; sourceTree = BUILT_PRODUCTS_DIR; };
		7039F743134A58DE1A560AAF /* Pods-App-Unsplash-App-UnsplashUITests.debug.xcconfig */ = {isa = PBXFileReference; includeInIndex = 1; lastKnownFileType = text.xcconfig; name = "Pods-App-Unsplash-App-UnsplashUITests.debug.xcconfig"; path = "Target Support Files/Pods-App-Unsplash-App-UnsplashUITests/Pods-App-Unsplash-App-UnsplashUITests.debug.xcconfig"; sourceTree = "<group>"; };
		7886566A6BA8B1CD1D5E5FB1 /* Pods-App-Unsplash.release.xcconfig */ = {isa = PBXFileReference; includeInIndex = 1; lastKnownFileType = text.xcconfig; name = "Pods-App-Unsplash.release.xcconfig"; path = "Target Support Files/Pods-App-Unsplash/Pods-App-Unsplash.release.xcconfig"; sourceTree = "<group>"; };
		9820EBCE200836F2AB9D951B /* Pods-App-Unsplash.release.xcconfig */ = {isa = PBXFileReference; includeInIndex = 1; lastKnownFileType = text.xcconfig; name = "Pods-App-Unsplash.release.xcconfig"; path = "Target Support Files/Pods-App-Unsplash/Pods-App-Unsplash.release.xcconfig"; sourceTree = "<group>"; };
		9D4A1A1290DF9F4FDE3E2D5F /* Pods-App-Unsplash-App-UnsplashUITests.release.xcconfig */ = {isa = PBXFileReference; includeInIndex = 1; lastKnownFileType = text.xcconfig; name = "Pods-App-Unsplash-App-UnsplashUITests.release.xcconfig"; path = "Target Support Files/Pods-App-Unsplash-App-UnsplashUITests/Pods-App-Unsplash-App-UnsplashUITests.release.xcconfig"; sourceTree = "<group>"; };
		9F56B3262596302B760C87D0 /* Pods-App-UnsplashTests.release.xcconfig */ = {isa = PBXFileReference; includeInIndex = 1; lastKnownFileType = text.xcconfig; name = "Pods-App-UnsplashTests.release.xcconfig"; path = "Target Support Files/Pods-App-UnsplashTests/Pods-App-UnsplashTests.release.xcconfig"; sourceTree = "<group>"; };
		C5C9AF923405BD66B1493233 /* Pods_App_Unsplash_App_UnsplashUITests.framework */ = {isa = PBXFileReference; explicitFileType = wrapper.framework; includeInIndex = 0; path = Pods_App_Unsplash_App_UnsplashUITests.framework; sourceTree = BUILT_PRODUCTS_DIR; };
		C80D5F86286DBC920022C021 /* SearchPhotosViewImpl.swift */ = {isa = PBXFileReference; lastKnownFileType = sourcecode.swift; path = SearchPhotosViewImpl.swift; sourceTree = "<group>"; };
		C80D5F89286DBD6A0022C021 /* SearchPhotosModels.swift */ = {isa = PBXFileReference; lastKnownFileType = sourcecode.swift; path = SearchPhotosModels.swift; sourceTree = "<group>"; };
		C80D5F8C286DD1070022C021 /* SearchPhotosInteractorTests.swift */ = {isa = PBXFileReference; lastKnownFileType = sourcecode.swift; path = SearchPhotosInteractorTests.swift; sourceTree = "<group>"; };
		C80D5F8E286DD1AA0022C021 /* SearchPhotosInteractorImpl.swift */ = {isa = PBXFileReference; lastKnownFileType = sourcecode.swift; path = SearchPhotosInteractorImpl.swift; sourceTree = "<group>"; };
		C8113CCE28733F1E00C9236B /* SearchPhotosRouterTests.swift */ = {isa = PBXFileReference; lastKnownFileType = sourcecode.swift; path = SearchPhotosRouterTests.swift; sourceTree = "<group>"; };
		C8113CD12873594A00C9236B /* SearchPhotosRouterImpl.swift */ = {isa = PBXFileReference; lastKnownFileType = sourcecode.swift; path = SearchPhotosRouterImpl.swift; sourceTree = "<group>"; };
		C8343A47287F45A000C3BA90 /* SearchPhotosWorkerImpl.swift */ = {isa = PBXFileReference; lastKnownFileType = sourcecode.swift; path = SearchPhotosWorkerImpl.swift; sourceTree = "<group>"; };
		C889088E2886A36000D091D9 /* SearchPhotosCell.swift */ = {isa = PBXFileReference; lastKnownFileType = sourcecode.swift; path = SearchPhotosCell.swift; sourceTree = "<group>"; };
		C889088F2886A36000D091D9 /* SearchPhotosCell.xib */ = {isa = PBXFileReference; lastKnownFileType = file.xib; path = SearchPhotosCell.xib; sourceTree = "<group>"; };
		C8E0B16F2881766C00F95CC5 /* SearchPhotosWorkerTests.swift */ = {isa = PBXFileReference; lastKnownFileType = sourcecode.swift; path = SearchPhotosWorkerTests.swift; sourceTree = "<group>"; };
		C8E0B17128817E0600F95CC5 /* SearchPhotosServiceAPIImpl.swift */ = {isa = PBXFileReference; lastKnownFileType = sourcecode.swift; path = SearchPhotosServiceAPIImpl.swift; sourceTree = "<group>"; };
		C8E0B1732881880700F95CC5 /* SearchPhotosServiceAPITests.swift */ = {isa = PBXFileReference; lastKnownFileType = sourcecode.swift; path = SearchPhotosServiceAPITests.swift; sourceTree = "<group>"; };
		C8E0B1752881DDA700F95CC5 /* SearchPhotosViewTests.swift */ = {isa = PBXFileReference; lastKnownFileType = sourcecode.swift; path = SearchPhotosViewTests.swift; sourceTree = "<group>"; };
		C8E9AF9C287F11BA00A4C56E /* App-UnsplashTests.xctest */ = {isa = PBXFileReference; explicitFileType = wrapper.cfbundle; includeInIndex = 0; path = "App-UnsplashTests.xctest"; sourceTree = BUILT_PRODUCTS_DIR; };
		C8E9AF9E287F317C00A4C56E /* Extension+Storyboard.swift */ = {isa = PBXFileReference; lastKnownFileType = sourcecode.swift; path = "Extension+Storyboard.swift"; sourceTree = "<group>"; };
		C8EC0104286A026F001A56E8 /* SearchPhotosParserTests.swift */ = {isa = PBXFileReference; lastKnownFileType = sourcecode.swift; path = SearchPhotosParserTests.swift; sourceTree = "<group>"; };
		C8EC0109286A06C7001A56E8 /* SimpleData.json */ = {isa = PBXFileReference; lastKnownFileType = text.json; path = SimpleData.json; sourceTree = "<group>"; };
		C8EC010F286B2500001A56E8 /* StubAPI.json */ = {isa = PBXFileReference; lastKnownFileType = text.json; path = StubAPI.json; sourceTree = "<group>"; };
		C8EC0116286B7391001A56E8 /* SearchPhotosPresenterTests.swift */ = {isa = PBXFileReference; lastKnownFileType = sourcecode.swift; path = SearchPhotosPresenterTests.swift; sourceTree = "<group>"; };
		C8EC0118286B73F7001A56E8 /* SearchPhotosPresenterImpl.swift */ = {isa = PBXFileReference; lastKnownFileType = sourcecode.swift; path = SearchPhotosPresenterImpl.swift; sourceTree = "<group>"; };
		C8F722F6286606B60034A36C /* App-Unsplash.app */ = {isa = PBXFileReference; explicitFileType = wrapper.application; includeInIndex = 0; path = "App-Unsplash.app"; sourceTree = BUILT_PRODUCTS_DIR; };
		C8F722F9286606B60034A36C /* AppDelegate.swift */ = {isa = PBXFileReference; lastKnownFileType = sourcecode.swift; path = AppDelegate.swift; sourceTree = "<group>"; };
		C8F722FB286606B60034A36C /* SceneDelegate.swift */ = {isa = PBXFileReference; lastKnownFileType = sourcecode.swift; path = SceneDelegate.swift; sourceTree = "<group>"; };
		C8F722FD286606B60034A36C /* ViewController.swift */ = {isa = PBXFileReference; lastKnownFileType = sourcecode.swift; path = ViewController.swift; sourceTree = "<group>"; };
		C8F72300286606B60034A36C /* Base */ = {isa = PBXFileReference; lastKnownFileType = file.storyboard; name = Base; path = Base.lproj/Main.storyboard; sourceTree = "<group>"; };
		C8F72302286606C40034A36C /* Assets.xcassets */ = {isa = PBXFileReference; lastKnownFileType = folder.assetcatalog; path = Assets.xcassets; sourceTree = "<group>"; };
		C8F72305286606C40034A36C /* Base */ = {isa = PBXFileReference; lastKnownFileType = file.storyboard; name = Base; path = Base.lproj/LaunchScreen.storyboard; sourceTree = "<group>"; };
		C8F72307286606C40034A36C /* Info.plist */ = {isa = PBXFileReference; lastKnownFileType = text.plist.xml; path = Info.plist; sourceTree = "<group>"; };
		C8F72338286612160034A36C /* Extension+XCTestCase.swift */ = {isa = PBXFileReference; lastKnownFileType = sourcecode.swift; path = "Extension+XCTestCase.swift"; sourceTree = "<group>"; };
		E297239D9C6219274A2CD268 /* Pods-App-UnsplashTests.debug.xcconfig */ = {isa = PBXFileReference; includeInIndex = 1; lastKnownFileType = text.xcconfig; name = "Pods-App-UnsplashTests.debug.xcconfig"; path = "Target Support Files/Pods-App-UnsplashTests/Pods-App-UnsplashTests.debug.xcconfig"; sourceTree = "<group>"; };
		E32AF82F98E40688FB7A9EB4 /* Pods_App_Unsplash.framework */ = {isa = PBXFileReference; explicitFileType = wrapper.framework; includeInIndex = 0; path = Pods_App_Unsplash.framework; sourceTree = BUILT_PRODUCTS_DIR; };
		EE0D2E75F6665221064CF46B /* Pods_App_UnsplashTests.framework */ = {isa = PBXFileReference; explicitFileType = wrapper.framework; includeInIndex = 0; path = Pods_App_UnsplashTests.framework; sourceTree = BUILT_PRODUCTS_DIR; };
		F3F007CDBC757EBE95F0F751 /* Pods-App-UnsplashTests.debug.xcconfig */ = {isa = PBXFileReference; includeInIndex = 1; lastKnownFileType = text.xcconfig; name = "Pods-App-UnsplashTests.debug.xcconfig"; path = "Target Support Files/Pods-App-UnsplashTests/Pods-App-UnsplashTests.debug.xcconfig"; sourceTree = "<group>"; };
/* End PBXFileReference section */

/* Begin PBXFrameworksBuildPhase section */
		C8F722F3286606B60034A36C /* Frameworks */ = {
			isa = PBXFrameworksBuildPhase;
			buildActionMask = 2147483647;
			files = (
				DF7B93559EBC0D19BE646259 /* Pods_App_Unsplash.framework in Frameworks */,
				C8F7233428660FD50034A36C /* CustomDump in Frameworks */,
				53F371BC5D85914A63BDAB92 /* Pods_App_Unsplash.framework in Frameworks */,
			);
			runOnlyForDeploymentPostprocessing = 0;
		};
		C8F72309286606CB0034A36C /* Frameworks */ = {
			isa = PBXFrameworksBuildPhase;
			buildActionMask = 2147483647;
			files = (
				56DCE979D8FDB628F5414EB3 /* Pods_App_UnsplashTests.framework in Frameworks */,
				C8F72337286610870034A36C /* CustomDump in Frameworks */,
				C9210392ECCE02E7DDBB61F5 /* Pods_App_UnsplashTests.framework in Frameworks */,
			);
			runOnlyForDeploymentPostprocessing = 0;
		};
/* End PBXFrameworksBuildPhase section */

/* Begin PBXGroup section */
		017DCEF88ED6AF611B070917 /* Pods */ = {
			isa = PBXGroup;
			children = (
				629F76A2DC578245FD58FC3D /* Pods-App-Unsplash.debug.xcconfig */,
				7886566A6BA8B1CD1D5E5FB1 /* Pods-App-Unsplash.release.xcconfig */,
				F3F007CDBC757EBE95F0F751 /* Pods-App-UnsplashTests.debug.xcconfig */,
				0F57AB42B8786D2869B7DE1F /* Pods-App-UnsplashTests.release.xcconfig */,
			);
			path = Pods;
			sourceTree = "<group>";
		};
		1CEF3CCA08342253C0015D27 /* Frameworks */ = {
			isa = PBXGroup;
			children = (
				6A63B09BBECDE5F81CA6A377 /* Pods_App_Unsplash.framework */,
				C5C9AF923405BD66B1493233 /* Pods_App_Unsplash_App_UnsplashUITests.framework */,
				196904D76A0C24939932B114 /* Pods_App_UnsplashTests.framework */,
			);
			name = Frameworks;
			sourceTree = "<group>";
		};
		6749335A72C0808279212D7F /* Pods */ = {
			isa = PBXGroup;
			children = (
				2FB578A830815F3A5E5993E1 /* Pods-App-Unsplash.debug.xcconfig */,
				9820EBCE200836F2AB9D951B /* Pods-App-Unsplash.release.xcconfig */,
				7039F743134A58DE1A560AAF /* Pods-App-Unsplash-App-UnsplashUITests.debug.xcconfig */,
				9D4A1A1290DF9F4FDE3E2D5F /* Pods-App-Unsplash-App-UnsplashUITests.release.xcconfig */,
				E297239D9C6219274A2CD268 /* Pods-App-UnsplashTests.debug.xcconfig */,
				9F56B3262596302B760C87D0 /* Pods-App-UnsplashTests.release.xcconfig */,
			);
			path = Pods;
			sourceTree = "<group>";
		};
		C80D5F88286DBD550022C021 /* Models */ = {
			isa = PBXGroup;
			children = (
				C80D5F89286DBD6A0022C021 /* SearchPhotosModels.swift */,
			);
			name = Models;
			sourceTree = "<group>";
		};
		C889088B2886A2BB00D091D9 /* customView */ = {
			isa = PBXGroup;
			children = (
				C889088E2886A36000D091D9 /* SearchPhotosCell.swift */,
				C889088F2886A36000D091D9 /* SearchPhotosCell.xib */,
			);
			name = customView;
			sourceTree = "<group>";
		};
		C8CB867C287DD44700FB996E /* SearchPhotos */ = {
			isa = PBXGroup;
			children = (
				C8113CD12873594A00C9236B /* SearchPhotosRouterImpl.swift */,
				C80D5F86286DBC920022C021 /* SearchPhotosViewImpl.swift */,
				C80D5F8E286DD1AA0022C021 /* SearchPhotosInteractorImpl.swift */,
				C8343A47287F45A000C3BA90 /* SearchPhotosWorkerImpl.swift */,
				C8E0B17128817E0600F95CC5 /* SearchPhotosServiceAPIImpl.swift */,
				C8EC0118286B73F7001A56E8 /* SearchPhotosPresenterImpl.swift */,
				C889088B2886A2BB00D091D9 /* customView */,
				C80D5F88286DBD550022C021 /* Models */,
			);
			name = SearchPhotos;
			sourceTree = "<group>";
		};
		C8E9AF9D287F313E00A4C56E /* communs */ = {
			isa = PBXGroup;
			children = (
				C8E9AF9E287F317C00A4C56E /* Extension+Storyboard.swift */,
			);
			name = communs;
			sourceTree = "<group>";
		};
		C8EC0103286A023E001A56E8 /* SearchPhotos */ = {
			isa = PBXGroup;
			children = (
				C8113CCE28733F1E00C9236B /* SearchPhotosRouterTests.swift */,
				C80D5F8C286DD1070022C021 /* SearchPhotosInteractorTests.swift */,
				C8E0B16F2881766C00F95CC5 /* SearchPhotosWorkerTests.swift */,
				C8EC0116286B7391001A56E8 /* SearchPhotosPresenterTests.swift */,
				C8E0B1732881880700F95CC5 /* SearchPhotosServiceAPITests.swift */,
				C8E0B1752881DDA700F95CC5 /* SearchPhotosViewTests.swift */,
				C8EC0109286A06C7001A56E8 /* SimpleData.json */,
				C8EC010F286B2500001A56E8 /* StubAPI.json */,
				C8EC0104286A026F001A56E8 /* SearchPhotosParserTests.swift */,
			);
			path = SearchPhotos;
			sourceTree = "<group>";
		};
		C8F722ED286606B60034A36C = {
			isa = PBXGroup;
			children = (
				C8F722F8286606B60034A36C /* App-Unsplash */,
				C8F7230F286606CB0034A36C /* App-UnsplashTests */,
				C8F7233028660CC10034A36C /* Others */,
				C8F72335286610870034A36C /* Frameworks */,
				017DCEF88ED6AF611B070917 /* Pods */,
			);
			sourceTree = "<group>";
		};
		C8F722F7286606B60034A36C /* Products */ = {
			isa = PBXGroup;
			children = (
				C8F722F6286606B60034A36C /* App-Unsplash.app */,
				C8E9AF9C287F11BA00A4C56E /* App-UnsplashTests.xctest */,
			);
			name = Products;
			sourceTree = "<group>";
		};
		C8F722F8286606B60034A36C /* App-Unsplash */ = {
			isa = PBXGroup;
			children = (
				C8F7232F28660BDC0034A36C /* ⚙️app-general */,
				C8F7232C28660B8B0034A36C /* 👁app-ui */,
				C8F7232B28660B5E0034A36C /* 🧰domain */,
				C8E9AF9D287F313E00A4C56E /* communs */,
			);
			path = "App-Unsplash";
			sourceTree = "<group>";
		};
		C8F7230F286606CB0034A36C /* App-UnsplashTests */ = {
			isa = PBXGroup;
			children = (
				C8F7233128660CF50034A36C /* 🧰✅ domainTests */,
			);
			path = "App-UnsplashTests";
			sourceTree = "<group>";
		};
		C8F7232A28660B4D0034A36C /* app-delegates */ = {
			isa = PBXGroup;
			children = (
				C8F722F9286606B60034A36C /* AppDelegate.swift */,
				C8F722FB286606B60034A36C /* SceneDelegate.swift */,
			);
			name = "app-delegates";
			sourceTree = "<group>";
		};
		C8F7232B28660B5E0034A36C /* 🧰domain */ = {
			isa = PBXGroup;
			children = (
				C8CB867C287DD44700FB996E /* SearchPhotos */,
			);
			name = "🧰domain";
			sourceTree = "<group>";
		};
		C8F7232C28660B8B0034A36C /* 👁app-ui */ = {
			isa = PBXGroup;
			children = (
				C8F722FD286606B60034A36C /* ViewController.swift */,
				C8F722FF286606B60034A36C /* Main.storyboard */,
			);
			name = "👁app-ui";
			sourceTree = "<group>";
		};
		C8F7232D28660BAD0034A36C /* app-assets */ = {
			isa = PBXGroup;
			children = (
				C8F72302286606C40034A36C /* Assets.xcassets */,
			);
			name = "app-assets";
			sourceTree = "<group>";
		};
		C8F7232E28660BBE0034A36C /* app-settings */ = {
			isa = PBXGroup;
			children = (
				C8F72304286606C40034A36C /* LaunchScreen.storyboard */,
				C8F72307286606C40034A36C /* Info.plist */,
			);
			name = "app-settings";
			sourceTree = "<group>";
		};
		C8F7232F28660BDC0034A36C /* ⚙️app-general */ = {
			isa = PBXGroup;
			children = (
				C8F7232E28660BBE0034A36C /* app-settings */,
				C8F7232D28660BAD0034A36C /* app-assets */,
				C8F7232A28660B4D0034A36C /* app-delegates */,
			);
			name = "⚙️app-general";
			sourceTree = "<group>";
		};
		C8F7233028660CC10034A36C /* Others */ = {
			isa = PBXGroup;
			children = (
				C8F722F7286606B60034A36C /* Products */,
				6749335A72C0808279212D7F /* Pods */,
				1CEF3CCA08342253C0015D27 /* Frameworks */,
			);
			name = Others;
			sourceTree = "<group>";
		};
		C8F7233128660CF50034A36C /* 🧰✅ domainTests */ = {
			isa = PBXGroup;
			children = (
				C8EC0103286A023E001A56E8 /* SearchPhotos */,
				C8F72338286612160034A36C /* Extension+XCTestCase.swift */,
			);
			path = "🧰✅ domainTests";
			sourceTree = "<group>";
		};
		C8F72335286610870034A36C /* Frameworks */ = {
			isa = PBXGroup;
			children = (
				E32AF82F98E40688FB7A9EB4 /* Pods_App_Unsplash.framework */,
				EE0D2E75F6665221064CF46B /* Pods_App_UnsplashTests.framework */,
			);
			name = Frameworks;
			sourceTree = "<group>";
		};
/* End PBXGroup section */

/* Begin PBXNativeTarget section */
		C8F722F5286606B60034A36C /* App-Unsplash */ = {
			isa = PBXNativeTarget;
			buildConfigurationList = C8F72320286606CB0034A36C /* Build configuration list for PBXNativeTarget "App-Unsplash" */;
			buildPhases = (
				3F756CC2C763C78322583508 /* [CP] Check Pods Manifest.lock */,
				C8F722F2286606B60034A36C /* Sources */,
				C8F722F3286606B60034A36C /* Frameworks */,
				C8F722F4286606B60034A36C /* Resources */,
				C8F72329286609400034A36C /* Run Script swiftlint */,
			);
			buildRules = (
			);
			dependencies = (
			);
			name = "App-Unsplash";
			packageProductDependencies = (
				C8F7233328660FD50034A36C /* CustomDump */,
			);
			productName = "App-Unsplash";
			productReference = C8F722F6286606B60034A36C /* App-Unsplash.app */;
			productType = "com.apple.product-type.application";
		};
		C8F7230B286606CB0034A36C /* App-UnsplashTests */ = {
			isa = PBXNativeTarget;
			buildConfigurationList = C8F72323286606CB0034A36C /* Build configuration list for PBXNativeTarget "App-UnsplashTests" */;
			buildPhases = (
				52EABD2081F5B9D3682ED463 /* [CP] Check Pods Manifest.lock */,
				C8F72308286606CB0034A36C /* Sources */,
				C8F72309286606CB0034A36C /* Frameworks */,
				C8F7230A286606CB0034A36C /* Resources */,
			);
			buildRules = (
			);
			dependencies = (
				C8F7230E286606CB0034A36C /* PBXTargetDependency */,
			);
			name = "App-UnsplashTests";
			packageProductDependencies = (
				C8F72336286610870034A36C /* CustomDump */,
			);
			productName = "App-UnsplashTests";
			productReference = C8E9AF9C287F11BA00A4C56E /* App-UnsplashTests.xctest */;
			productType = "com.apple.product-type.bundle.unit-test";
		};
/* End PBXNativeTarget section */

/* Begin PBXProject section */
		C8F722EE286606B60034A36C /* Project object */ = {
			isa = PBXProject;
			attributes = {
				BuildIndependentTargetsInParallel = 1;
				LastSwiftUpdateCheck = 1340;
				LastUpgradeCheck = 1340;
				TargetAttributes = {
					C8F722F5286606B60034A36C = {
						CreatedOnToolsVersion = 13.4.1;
					};
					C8F7230B286606CB0034A36C = {
						CreatedOnToolsVersion = 13.4.1;
						TestTargetID = C8F722F5286606B60034A36C;
					};
				};
			};
			buildConfigurationList = C8F722F1286606B60034A36C /* Build configuration list for PBXProject "App-Unsplash" */;
			compatibilityVersion = "Xcode 13.0";
			developmentRegion = en;
			hasScannedForEncodings = 0;
			knownRegions = (
				en,
				Base,
			);
			mainGroup = C8F722ED286606B60034A36C;
			packageReferences = (
				C8F7233228660FD50034A36C /* XCRemoteSwiftPackageReference "swift-custom-dump" */,
			);
			productRefGroup = C8F722F7286606B60034A36C /* Products */;
			projectDirPath = "";
			projectRoot = "";
			targets = (
				C8F722F5286606B60034A36C /* App-Unsplash */,
				C8F7230B286606CB0034A36C /* App-UnsplashTests */,
			);
		};
/* End PBXProject section */

/* Begin PBXResourcesBuildPhase section */
		C8F722F4286606B60034A36C /* Resources */ = {
			isa = PBXResourcesBuildPhase;
			buildActionMask = 2147483647;
			files = (
				C8EC0111286B25CE001A56E8 /* StubAPI.json in Resources */,
				C8EC010D286A0945001A56E8 /* SimpleData.json in Resources */,
				C88908912886A36000D091D9 /* SearchPhotosCell.xib in Resources */,
				C8F72306286606C40034A36C /* LaunchScreen.storyboard in Resources */,
				C8F72303286606C40034A36C /* Assets.xcassets in Resources */,
				C8F72301286606B60034A36C /* Main.storyboard in Resources */,
			);
			runOnlyForDeploymentPostprocessing = 0;
		};
		C8F7230A286606CB0034A36C /* Resources */ = {
			isa = PBXResourcesBuildPhase;
			buildActionMask = 2147483647;
			files = (
				C8EC0110286B2500001A56E8 /* StubAPI.json in Resources */,
			);
			runOnlyForDeploymentPostprocessing = 0;
		};
/* End PBXResourcesBuildPhase section */

/* Begin PBXShellScriptBuildPhase section */
		3F756CC2C763C78322583508 /* [CP] Check Pods Manifest.lock */ = {
			isa = PBXShellScriptBuildPhase;
			buildActionMask = 2147483647;
			files = (
			);
			inputFileListPaths = (
			);
			inputPaths = (
				"${PODS_PODFILE_DIR_PATH}/Podfile.lock",
				"${PODS_ROOT}/Manifest.lock",
			);
			name = "[CP] Check Pods Manifest.lock";
			outputFileListPaths = (
			);
			outputPaths = (
				"$(DERIVED_FILE_DIR)/Pods-App-Unsplash-checkManifestLockResult.txt",
			);
			runOnlyForDeploymentPostprocessing = 0;
			shellPath = /bin/sh;
			shellScript = "diff \"${PODS_PODFILE_DIR_PATH}/Podfile.lock\" \"${PODS_ROOT}/Manifest.lock\" > /dev/null\nif [ $? != 0 ] ; then\n    # print error to STDERR\n    echo \"error: The sandbox is not in sync with the Podfile.lock. Run 'pod install' or update your CocoaPods installation.\" >&2\n    exit 1\nfi\n# This output is used by Xcode 'outputs' to avoid re-running this script phase.\necho \"SUCCESS\" > \"${SCRIPT_OUTPUT_FILE_0}\"\n";
			showEnvVarsInLog = 0;
		};
		52EABD2081F5B9D3682ED463 /* [CP] Check Pods Manifest.lock */ = {
			isa = PBXShellScriptBuildPhase;
			buildActionMask = 2147483647;
			files = (
			);
			inputFileListPaths = (
			);
			inputPaths = (
				"${PODS_PODFILE_DIR_PATH}/Podfile.lock",
				"${PODS_ROOT}/Manifest.lock",
			);
			name = "[CP] Check Pods Manifest.lock";
			outputFileListPaths = (
			);
			outputPaths = (
				"$(DERIVED_FILE_DIR)/Pods-App-UnsplashTests-checkManifestLockResult.txt",
			);
			runOnlyForDeploymentPostprocessing = 0;
			shellPath = /bin/sh;
			shellScript = "diff \"${PODS_PODFILE_DIR_PATH}/Podfile.lock\" \"${PODS_ROOT}/Manifest.lock\" > /dev/null\nif [ $? != 0 ] ; then\n    # print error to STDERR\n    echo \"error: The sandbox is not in sync with the Podfile.lock. Run 'pod install' or update your CocoaPods installation.\" >&2\n    exit 1\nfi\n# This output is used by Xcode 'outputs' to avoid re-running this script phase.\necho \"SUCCESS\" > \"${SCRIPT_OUTPUT_FILE_0}\"\n";
			showEnvVarsInLog = 0;
		};
		C8F72329286609400034A36C /* Run Script swiftlint */ = {
			isa = PBXShellScriptBuildPhase;
			buildActionMask = 2147483647;
			files = (
			);
			inputFileListPaths = (
			);
			inputPaths = (
			);
			name = "Run Script swiftlint";
			outputFileListPaths = (
			);
			outputPaths = (
			);
			runOnlyForDeploymentPostprocessing = 0;
			shellPath = /bin/sh;
			shellScript = "${PODS_ROOT}/SwiftLint/swiftlint\n";
		};
/* End PBXShellScriptBuildPhase section */

/* Begin PBXSourcesBuildPhase section */
		C8F722F2286606B60034A36C /* Sources */ = {
			isa = PBXSourcesBuildPhase;
			buildActionMask = 2147483647;
			files = (
				C8F722FE286606B60034A36C /* ViewController.swift in Sources */,
				C8113CD22873594A00C9236B /* SearchPhotosRouterImpl.swift in Sources */,
				C8F722FA286606B60034A36C /* AppDelegate.swift in Sources */,
				C8E9AF9F287F317D00A4C56E /* Extension+Storyboard.swift in Sources */,
				C88908902886A36000D091D9 /* SearchPhotosCell.swift in Sources */,
				C80D5F8F286DD1AA0022C021 /* SearchPhotosInteractorImpl.swift in Sources */,
				C80D5F8A286DBD6A0022C021 /* SearchPhotosModels.swift in Sources */,
				C8EC0119286B73F7001A56E8 /* SearchPhotosPresenterImpl.swift in Sources */,
				C8F722FC286606B60034A36C /* SceneDelegate.swift in Sources */,
				C8E0B17228817E0600F95CC5 /* SearchPhotosServiceAPIImpl.swift in Sources */,
				C8343A48287F45A000C3BA90 /* SearchPhotosWorkerImpl.swift in Sources */,
				C80D5F87286DBC920022C021 /* SearchPhotosViewImpl.swift in Sources */,
			);
			runOnlyForDeploymentPostprocessing = 0;
		};
		C8F72308286606CB0034A36C /* Sources */ = {
			isa = PBXSourcesBuildPhase;
			buildActionMask = 2147483647;
			files = (
				C8113CCF28733F1E00C9236B /* SearchPhotosRouterTests.swift in Sources */,
				C8F72339286612160034A36C /* Extension+XCTestCase.swift in Sources */,
				C8EC0117286B7391001A56E8 /* SearchPhotosPresenterTests.swift in Sources */,
				C8EC0105286A026F001A56E8 /* SearchPhotosParserTests.swift in Sources */,
				C8E0B1702881766C00F95CC5 /* SearchPhotosWorkerTests.swift in Sources */,
				C80D5F8D286DD1070022C021 /* SearchPhotosInteractorTests.swift in Sources */,
				C8E0B1742881880700F95CC5 /* SearchPhotosServiceAPITests.swift in Sources */,
				C8E0B1762881DDA700F95CC5 /* SearchPhotosViewTests.swift in Sources */,
			);
			runOnlyForDeploymentPostprocessing = 0;
		};
/* End PBXSourcesBuildPhase section */

/* Begin PBXTargetDependency section */
		C8F7230E286606CB0034A36C /* PBXTargetDependency */ = {
			isa = PBXTargetDependency;
			target = C8F722F5286606B60034A36C /* App-Unsplash */;
			targetProxy = C8F7230D286606CB0034A36C /* PBXContainerItemProxy */;
		};
/* End PBXTargetDependency section */

/* Begin PBXVariantGroup section */
		C8F722FF286606B60034A36C /* Main.storyboard */ = {
			isa = PBXVariantGroup;
			children = (
				C8F72300286606B60034A36C /* Base */,
			);
			name = Main.storyboard;
			sourceTree = "<group>";
		};
		C8F72304286606C40034A36C /* LaunchScreen.storyboard */ = {
			isa = PBXVariantGroup;
			children = (
				C8F72305286606C40034A36C /* Base */,
			);
			name = LaunchScreen.storyboard;
			sourceTree = "<group>";
		};
/* End PBXVariantGroup section */

/* Begin XCBuildConfiguration section */
		C8F7231E286606CB0034A36C /* Debug */ = {
			isa = XCBuildConfiguration;
			buildSettings = {
				ALWAYS_SEARCH_USER_PATHS = NO;
				CLANG_ANALYZER_NONNULL = YES;
				CLANG_ANALYZER_NUMBER_OBJECT_CONVERSION = YES_AGGRESSIVE;
				CLANG_CXX_LANGUAGE_STANDARD = "gnu++17";
				CLANG_ENABLE_MODULES = YES;
				CLANG_ENABLE_OBJC_ARC = YES;
				CLANG_ENABLE_OBJC_WEAK = YES;
				CLANG_WARN_BLOCK_CAPTURE_AUTORELEASING = YES;
				CLANG_WARN_BOOL_CONVERSION = YES;
				CLANG_WARN_COMMA = YES;
				CLANG_WARN_CONSTANT_CONVERSION = YES;
				CLANG_WARN_DEPRECATED_OBJC_IMPLEMENTATIONS = YES;
				CLANG_WARN_DIRECT_OBJC_ISA_USAGE = YES_ERROR;
				CLANG_WARN_DOCUMENTATION_COMMENTS = YES;
				CLANG_WARN_EMPTY_BODY = YES;
				CLANG_WARN_ENUM_CONVERSION = YES;
				CLANG_WARN_INFINITE_RECURSION = YES;
				CLANG_WARN_INT_CONVERSION = YES;
				CLANG_WARN_NON_LITERAL_NULL_CONVERSION = YES;
				CLANG_WARN_OBJC_IMPLICIT_RETAIN_SELF = YES;
				CLANG_WARN_OBJC_LITERAL_CONVERSION = YES;
				CLANG_WARN_OBJC_ROOT_CLASS = YES_ERROR;
				CLANG_WARN_QUOTED_INCLUDE_IN_FRAMEWORK_HEADER = YES;
				CLANG_WARN_RANGE_LOOP_ANALYSIS = YES;
				CLANG_WARN_STRICT_PROTOTYPES = YES;
				CLANG_WARN_SUSPICIOUS_MOVE = YES;
				CLANG_WARN_UNGUARDED_AVAILABILITY = YES_AGGRESSIVE;
				CLANG_WARN_UNREACHABLE_CODE = YES;
				CLANG_WARN__DUPLICATE_METHOD_MATCH = YES;
				COPY_PHASE_STRIP = NO;
				DEBUG_INFORMATION_FORMAT = dwarf;
				ENABLE_STRICT_OBJC_MSGSEND = YES;
				ENABLE_TESTABILITY = YES;
				GCC_C_LANGUAGE_STANDARD = gnu11;
				GCC_DYNAMIC_NO_PIC = NO;
				GCC_NO_COMMON_BLOCKS = YES;
				GCC_OPTIMIZATION_LEVEL = 0;
				GCC_PREPROCESSOR_DEFINITIONS = (
					"DEBUG=1",
					"$(inherited)",
				);
				GCC_WARN_64_TO_32_BIT_CONVERSION = YES;
				GCC_WARN_ABOUT_RETURN_TYPE = YES_ERROR;
				GCC_WARN_UNDECLARED_SELECTOR = YES;
				GCC_WARN_UNINITIALIZED_AUTOS = YES_AGGRESSIVE;
				GCC_WARN_UNUSED_FUNCTION = YES;
				GCC_WARN_UNUSED_VARIABLE = YES;
				IPHONEOS_DEPLOYMENT_TARGET = 15.5;
				MTL_ENABLE_DEBUG_INFO = INCLUDE_SOURCE;
				MTL_FAST_MATH = YES;
				ONLY_ACTIVE_ARCH = YES;
				SDKROOT = iphoneos;
				SWIFT_ACTIVE_COMPILATION_CONDITIONS = DEBUG;
				SWIFT_OPTIMIZATION_LEVEL = "-Onone";
			};
			name = Debug;
		};
		C8F7231F286606CB0034A36C /* Release */ = {
			isa = XCBuildConfiguration;
			buildSettings = {
				ALWAYS_SEARCH_USER_PATHS = NO;
				CLANG_ANALYZER_NONNULL = YES;
				CLANG_ANALYZER_NUMBER_OBJECT_CONVERSION = YES_AGGRESSIVE;
				CLANG_CXX_LANGUAGE_STANDARD = "gnu++17";
				CLANG_ENABLE_MODULES = YES;
				CLANG_ENABLE_OBJC_ARC = YES;
				CLANG_ENABLE_OBJC_WEAK = YES;
				CLANG_WARN_BLOCK_CAPTURE_AUTORELEASING = YES;
				CLANG_WARN_BOOL_CONVERSION = YES;
				CLANG_WARN_COMMA = YES;
				CLANG_WARN_CONSTANT_CONVERSION = YES;
				CLANG_WARN_DEPRECATED_OBJC_IMPLEMENTATIONS = YES;
				CLANG_WARN_DIRECT_OBJC_ISA_USAGE = YES_ERROR;
				CLANG_WARN_DOCUMENTATION_COMMENTS = YES;
				CLANG_WARN_EMPTY_BODY = YES;
				CLANG_WARN_ENUM_CONVERSION = YES;
				CLANG_WARN_INFINITE_RECURSION = YES;
				CLANG_WARN_INT_CONVERSION = YES;
				CLANG_WARN_NON_LITERAL_NULL_CONVERSION = YES;
				CLANG_WARN_OBJC_IMPLICIT_RETAIN_SELF = YES;
				CLANG_WARN_OBJC_LITERAL_CONVERSION = YES;
				CLANG_WARN_OBJC_ROOT_CLASS = YES_ERROR;
				CLANG_WARN_QUOTED_INCLUDE_IN_FRAMEWORK_HEADER = YES;
				CLANG_WARN_RANGE_LOOP_ANALYSIS = YES;
				CLANG_WARN_STRICT_PROTOTYPES = YES;
				CLANG_WARN_SUSPICIOUS_MOVE = YES;
				CLANG_WARN_UNGUARDED_AVAILABILITY = YES_AGGRESSIVE;
				CLANG_WARN_UNREACHABLE_CODE = YES;
				CLANG_WARN__DUPLICATE_METHOD_MATCH = YES;
				COPY_PHASE_STRIP = NO;
				DEBUG_INFORMATION_FORMAT = "dwarf-with-dsym";
				ENABLE_NS_ASSERTIONS = NO;
				ENABLE_STRICT_OBJC_MSGSEND = YES;
				GCC_C_LANGUAGE_STANDARD = gnu11;
				GCC_NO_COMMON_BLOCKS = YES;
				GCC_WARN_64_TO_32_BIT_CONVERSION = YES;
				GCC_WARN_ABOUT_RETURN_TYPE = YES_ERROR;
				GCC_WARN_UNDECLARED_SELECTOR = YES;
				GCC_WARN_UNINITIALIZED_AUTOS = YES_AGGRESSIVE;
				GCC_WARN_UNUSED_FUNCTION = YES;
				GCC_WARN_UNUSED_VARIABLE = YES;
				IPHONEOS_DEPLOYMENT_TARGET = 15.5;
				MTL_ENABLE_DEBUG_INFO = NO;
				MTL_FAST_MATH = YES;
				SDKROOT = iphoneos;
				SWIFT_COMPILATION_MODE = wholemodule;
				SWIFT_OPTIMIZATION_LEVEL = "-O";
				VALIDATE_PRODUCT = YES;
			};
			name = Release;
		};
		C8F72321286606CB0034A36C /* Debug */ = {
			isa = XCBuildConfiguration;
			baseConfigurationReference = 2FB578A830815F3A5E5993E1 /* Pods-App-Unsplash.debug.xcconfig */;
			buildSettings = {
				ASSETCATALOG_COMPILER_APPICON_NAME = AppIcon;
				ASSETCATALOG_COMPILER_GLOBAL_ACCENT_COLOR_NAME = AccentColor;
				CODE_SIGN_STYLE = Automatic;
				CURRENT_PROJECT_VERSION = 1;
				DEVELOPMENT_TEAM = P3MRZPZ844;
				GENERATE_INFOPLIST_FILE = YES;
				INFOPLIST_FILE = "App-Unsplash/Info.plist";
				INFOPLIST_KEY_UIApplicationSupportsIndirectInputEvents = YES;
				INFOPLIST_KEY_UILaunchStoryboardName = LaunchScreen;
				INFOPLIST_KEY_UIMainStoryboardFile = Main;
				INFOPLIST_KEY_UISupportedInterfaceOrientations_iPad = "UIInterfaceOrientationPortrait UIInterfaceOrientationPortraitUpsideDown UIInterfaceOrientationLandscapeLeft UIInterfaceOrientationLandscapeRight";
				INFOPLIST_KEY_UISupportedInterfaceOrientations_iPhone = "UIInterfaceOrientationPortrait UIInterfaceOrientationLandscapeLeft UIInterfaceOrientationLandscapeRight";
				LD_RUNPATH_SEARCH_PATHS = (
					"$(inherited)",
					"@executable_path/Frameworks",
				);
				MARKETING_VERSION = 1.0;
				PRODUCT_BUNDLE_IDENTIFIER = "com.eddyrogier.App-Unsplash";
				PRODUCT_NAME = "$(TARGET_NAME)";
				SWIFT_EMIT_LOC_STRINGS = YES;
				SWIFT_VERSION = 5.0;
				TARGETED_DEVICE_FAMILY = "1,2";
			};
			name = Debug;
		};
		C8F72322286606CB0034A36C /* Release */ = {
			isa = XCBuildConfiguration;
			baseConfigurationReference = 9820EBCE200836F2AB9D951B /* Pods-App-Unsplash.release.xcconfig */;
			buildSettings = {
				ASSETCATALOG_COMPILER_APPICON_NAME = AppIcon;
				ASSETCATALOG_COMPILER_GLOBAL_ACCENT_COLOR_NAME = AccentColor;
				CODE_SIGN_STYLE = Automatic;
				CURRENT_PROJECT_VERSION = 1;
				DEVELOPMENT_TEAM = P3MRZPZ844;
				GENERATE_INFOPLIST_FILE = YES;
				INFOPLIST_FILE = "App-Unsplash/Info.plist";
				INFOPLIST_KEY_UIApplicationSupportsIndirectInputEvents = YES;
				INFOPLIST_KEY_UILaunchStoryboardName = LaunchScreen;
				INFOPLIST_KEY_UIMainStoryboardFile = Main;
				INFOPLIST_KEY_UISupportedInterfaceOrientations_iPad = "UIInterfaceOrientationPortrait UIInterfaceOrientationPortraitUpsideDown UIInterfaceOrientationLandscapeLeft UIInterfaceOrientationLandscapeRight";
				INFOPLIST_KEY_UISupportedInterfaceOrientations_iPhone = "UIInterfaceOrientationPortrait UIInterfaceOrientationLandscapeLeft UIInterfaceOrientationLandscapeRight";
				LD_RUNPATH_SEARCH_PATHS = (
					"$(inherited)",
					"@executable_path/Frameworks",
				);
				MARKETING_VERSION = 1.0;
				PRODUCT_BUNDLE_IDENTIFIER = "com.eddyrogier.App-Unsplash";
				PRODUCT_NAME = "$(TARGET_NAME)";
				SWIFT_EMIT_LOC_STRINGS = YES;
				SWIFT_VERSION = 5.0;
				TARGETED_DEVICE_FAMILY = "1,2";
			};
			name = Release;
		};
		C8F72324286606CB0034A36C /* Debug */ = {
			isa = XCBuildConfiguration;
			baseConfigurationReference = E297239D9C6219274A2CD268 /* Pods-App-UnsplashTests.debug.xcconfig */;
			buildSettings = {
				ALWAYS_EMBED_SWIFT_STANDARD_LIBRARIES = YES;
				BUNDLE_LOADER = "$(TEST_HOST)";
				CODE_SIGN_STYLE = Automatic;
				CURRENT_PROJECT_VERSION = 1;
				DEVELOPMENT_TEAM = P3MRZPZ844;
				GENERATE_INFOPLIST_FILE = YES;
				IPHONEOS_DEPLOYMENT_TARGET = 15.5;
				MARKETING_VERSION = 1.0;
				PRODUCT_BUNDLE_IDENTIFIER = "com.eddyrogier.App-UnsplashTests";
				PRODUCT_NAME = "$(TARGET_NAME)";
				SWIFT_EMIT_LOC_STRINGS = NO;
				SWIFT_VERSION = 5.0;
				TARGETED_DEVICE_FAMILY = "1,2";
				TEST_HOST = "$(BUILT_PRODUCTS_DIR)/App-Unsplash.app/App-Unsplash";
			};
			name = Debug;
		};
		C8F72325286606CB0034A36C /* Release */ = {
			isa = XCBuildConfiguration;
			baseConfigurationReference = 9F56B3262596302B760C87D0 /* Pods-App-UnsplashTests.release.xcconfig */;
			buildSettings = {
				ALWAYS_EMBED_SWIFT_STANDARD_LIBRARIES = YES;
				BUNDLE_LOADER = "$(TEST_HOST)";
				CODE_SIGN_STYLE = Automatic;
				CURRENT_PROJECT_VERSION = 1;
				DEVELOPMENT_TEAM = P3MRZPZ844;
				GENERATE_INFOPLIST_FILE = YES;
				IPHONEOS_DEPLOYMENT_TARGET = 15.5;
				MARKETING_VERSION = 1.0;
				PRODUCT_BUNDLE_IDENTIFIER = "com.eddyrogier.App-UnsplashTests";
				PRODUCT_NAME = "$(TARGET_NAME)";
				SWIFT_EMIT_LOC_STRINGS = NO;
				SWIFT_VERSION = 5.0;
				TARGETED_DEVICE_FAMILY = "1,2";
				TEST_HOST = "$(BUILT_PRODUCTS_DIR)/App-Unsplash.app/App-Unsplash";
			};
			name = Release;
		};
/* End XCBuildConfiguration section */

/* Begin XCConfigurationList section */
		C8F722F1286606B60034A36C /* Build configuration list for PBXProject "App-Unsplash" */ = {
			isa = XCConfigurationList;
			buildConfigurations = (
				C8F7231E286606CB0034A36C /* Debug */,
				C8F7231F286606CB0034A36C /* Release */,
			);
			defaultConfigurationIsVisible = 0;
			defaultConfigurationName = Release;
		};
		C8F72320286606CB0034A36C /* Build configuration list for PBXNativeTarget "App-Unsplash" */ = {
			isa = XCConfigurationList;
			buildConfigurations = (
				C8F72321286606CB0034A36C /* Debug */,
				C8F72322286606CB0034A36C /* Release */,
			);
			defaultConfigurationIsVisible = 0;
			defaultConfigurationName = Release;
		};
		C8F72323286606CB0034A36C /* Build configuration list for PBXNativeTarget "App-UnsplashTests" */ = {
			isa = XCConfigurationList;
			buildConfigurations = (
				C8F72324286606CB0034A36C /* Debug */,
				C8F72325286606CB0034A36C /* Release */,
			);
			defaultConfigurationIsVisible = 0;
			defaultConfigurationName = Release;
		};
/* End XCConfigurationList section */

/* Begin XCRemoteSwiftPackageReference section */
		C8F7233228660FD50034A36C /* XCRemoteSwiftPackageReference "swift-custom-dump" */ = {
			isa = XCRemoteSwiftPackageReference;
			repositoryURL = "https://github.com/pointfreeco/swift-custom-dump";
			requirement = {
				branch = main;
				kind = branch;
			};
		};
/* End XCRemoteSwiftPackageReference section */

/* Begin XCSwiftPackageProductDependency section */
		C8F7233328660FD50034A36C /* CustomDump */ = {
			isa = XCSwiftPackageProductDependency;
			package = C8F7233228660FD50034A36C /* XCRemoteSwiftPackageReference "swift-custom-dump" */;
			productName = CustomDump;
		};
		C8F72336286610870034A36C /* CustomDump */ = {
			isa = XCSwiftPackageProductDependency;
			package = C8F7233228660FD50034A36C /* XCRemoteSwiftPackageReference "swift-custom-dump" */;
			productName = CustomDump;
		};
/* End XCSwiftPackageProductDependency section */
	};
	rootObject = C8F722EE286606B60034A36C /* Project object */;
}
