{
  "pins" : [
    {
      "identity" : "swift-custom-dump",
      "kind" : "remoteSourceControl",
      "location" : "https://github.com/pointfreeco/swift-custom-dump",
      "state" : {
        "branch" : "main",
        "revision" : "11ccf4ca4041f24f8886003ff59da7b239c1a626"
      }
    },
    {
      "identity" : "xctest-dynamic-overlay",
      "kind" : "remoteSourceControl",
      "location" : "https://github.com/pointfreeco/xctest-dynamic-overlay",
      "state" : {
        "revision" : "50a70a9d3583fe228ce672e8923010c8df2deddd",
        "version" : "0.2.1"
      }
    }
  ],
  "version" : 2
}
